// !$*UTF8*$!
{
	archiveVersion = 1;
	classes = {
	};
	objectVersion = 46;
	objects = {

/* Begin PBXBuildFile section */
		1BEB156F1951311800AED641 /* Foundation.framework in Frameworks */ = {isa = PBXBuildFile; fileRef = 1BEB156E1951311800AED641 /* Foundation.framework */; };
		1BEB15711951311800AED641 /* CoreGraphics.framework in Frameworks */ = {isa = PBXBuildFile; fileRef = 1BEB15701951311800AED641 /* CoreGraphics.framework */; };
		1BEB15731951311800AED641 /* UIKit.framework in Frameworks */ = {isa = PBXBuildFile; fileRef = 1BEB15721951311800AED641 /* UIKit.framework */; };
		1BEB15791951311800AED641 /* InfoPlist.strings in Resources */ = {isa = PBXBuildFile; fileRef = 1BEB15771951311800AED641 /* InfoPlist.strings */; };
		1BEB157B1951311800AED641 /* main.m in Sources */ = {isa = PBXBuildFile; fileRef = 1BEB157A1951311800AED641 /* main.m */; };
		1BEB157F1951311800AED641 /* SAMAppDelegate.m in Sources */ = {isa = PBXBuildFile; fileRef = 1BEB157E1951311800AED641 /* SAMAppDelegate.m */; };
		1BEB15821951311800AED641 /* Main.storyboard in Resources */ = {isa = PBXBuildFile; fileRef = 1BEB15801951311800AED641 /* Main.storyboard */; };
		1BEB15851951311800AED641 /* SAMViewController.m in Sources */ = {isa = PBXBuildFile; fileRef = 1BEB15841951311800AED641 /* SAMViewController.m */; };
		1BEB15871951311800AED641 /* Images.xcassets in Resources */ = {isa = PBXBuildFile; fileRef = 1BEB15861951311800AED641 /* Images.xcassets */; };
		1BEB158E1951311800AED641 /* XCTest.framework in Frameworks */ = {isa = PBXBuildFile; fileRef = 1BEB158D1951311800AED641 /* XCTest.framework */; };
		1BEB158F1951311800AED641 /* Foundation.framework in Frameworks */ = {isa = PBXBuildFile; fileRef = 1BEB156E1951311800AED641 /* Foundation.framework */; };
		1BEB15901951311800AED641 /* UIKit.framework in Frameworks */ = {isa = PBXBuildFile; fileRef = 1BEB15721951311800AED641 /* UIKit.framework */; };
		1BEB15981951311800AED641 /* InfoPlist.strings in Resources */ = {isa = PBXBuildFile; fileRef = 1BEB15961951311800AED641 /* InfoPlist.strings */; };
		1BEB159A1951311800AED641 /* Git_TestTests.m in Sources */ = {isa = PBXBuildFile; fileRef = 1BEB15991951311800AED641 /* Git_TestTests.m */; };
/* End PBXBuildFile section */

/* Begin PBXContainerItemProxy section */
		1BEB15911951311800AED641 /* PBXContainerItemProxy */ = {
			isa = PBXContainerItemProxy;
			containerPortal = 1BEB15631951311800AED641 /* Project object */;
			proxyType = 1;
			remoteGlobalIDString = 1BEB156A1951311800AED641;
			remoteInfo = "Git Test";
		};
/* End PBXContainerItemProxy section */

/* Begin PBXFileReference section */
		1BEB156B1951311800AED641 /* Git Test.app */ = {isa = PBXFileReference; explicitFileType = wrapper.application; includeInIndex = 0; path = "Git Test.app"; sourceTree = BUILT_PRODUCTS_DIR; };
		1BEB156E1951311800AED641 /* Foundation.framework */ = {isa = PBXFileReference; lastKnownFileType = wrapper.framework; name = Foundation.framework; path = System/Library/Frameworks/Foundation.framework; sourceTree = SDKROOT; };
		1BEB15701951311800AED641 /* CoreGraphics.framework */ = {isa = PBXFileReference; lastKnownFileType = wrapper.framework; name = CoreGraphics.framework; path = System/Library/Frameworks/CoreGraphics.framework; sourceTree = SDKROOT; };
		1BEB15721951311800AED641 /* UIKit.framework */ = {isa = PBXFileReference; lastKnownFileType = wrapper.framework; name = UIKit.framework; path = System/Library/Frameworks/UIKit.framework; sourceTree = SDKROOT; };
		1BEB15761951311800AED641 /* Git Test-Info.plist */ = {isa = PBXFileReference; lastKnownFileType = text.plist.xml; path = "Git Test-Info.plist"; sourceTree = "<group>"; };
		1BEB15781951311800AED641 /* en */ = {isa = PBXFileReference; lastKnownFileType = text.plist.strings; name = en; path = en.lproj/InfoPlist.strings; sourceTree = "<group>"; };
		1BEB157A1951311800AED641 /* main.m */ = {isa = PBXFileReference; lastKnownFileType = sourcecode.c.objc; path = main.m; sourceTree = "<group>"; };
		1BEB157C1951311800AED641 /* Git Test-Prefix.pch */ = {isa = PBXFileReference; lastKnownFileType = sourcecode.c.h; path = "Git Test-Prefix.pch"; sourceTree = "<group>"; };
		1BEB157D1951311800AED641 /* SAMAppDelegate.h */ = {isa = PBXFileReference; lastKnownFileType = sourcecode.c.h; path = SAMAppDelegate.h; sourceTree = "<group>"; };
		1BEB157E1951311800AED641 /* SAMAppDelegate.m */ = {isa = PBXFileReference; lastKnownFileType = sourcecode.c.objc; path = SAMAppDelegate.m; sourceTree = "<group>"; };
		1BEB15811951311800AED641 /* Base */ = {isa = PBXFileReference; lastKnownFileType = file.storyboard; name = Base; path = Base.lproj/Main.storyboard; sourceTree = "<group>"; };
		1BEB15831951311800AED641 /* SAMViewController.h */ = {isa = PBXFileReference; lastKnownFileType = sourcecode.c.h; path = SAMViewController.h; sourceTree = "<group>"; };
		1BEB15841951311800AED641 /* SAMViewController.m */ = {isa = PBXFileReference; lastKnownFileType = sourcecode.c.objc; path = SAMViewController.m; sourceTree = "<group>"; };
		1BEB15861951311800AED641 /* Images.xcassets */ = {isa = PBXFileReference; lastKnownFileType = folder.assetcatalog; path = Images.xcassets; sourceTree = "<group>"; };
		1BEB158C1951311800AED641 /* Git TestTests.xctest */ = {isa = PBXFileReference; explicitFileType = wrapper.cfbundle; includeInIndex = 0; path = "Git TestTests.xctest"; sourceTree = BUILT_PRODUCTS_DIR; };
		1BEB158D1951311800AED641 /* XCTest.framework */ = {isa = PBXFileReference; lastKnownFileType = wrapper.framework; name = XCTest.framework; path = Library/Frameworks/XCTest.framework; sourceTree = DEVELOPER_DIR; };
		1BEB15951951311800AED641 /* Git TestTests-Info.plist */ = {isa = PBXFileReference; lastKnownFileType = text.plist.xml; path = "Git TestTests-Info.plist"; sourceTree = "<group>"; };
		1BEB15971951311800AED641 /* en */ = {isa = PBXFileReference; lastKnownFileType = text.plist.strings; name = en; path = en.lproj/InfoPlist.strings; sourceTree = "<group>"; };
		1BEB15991951311800AED641 /* Git_TestTests.m */ = {isa = PBXFileReference; lastKnownFileType = sourcecode.c.objc; path = Git_TestTests.m; sourceTree = "<group>"; };
/* End PBXFileReference section */

/* Begin PBXFrameworksBuildPhase section */
		1BEB15681951311800AED641 /* Frameworks */ = {
			isa = PBXFrameworksBuildPhase;
			buildActionMask = 2147483647;
			files = (
				1BEB15711951311800AED641 /* CoreGraphics.framework in Frameworks */,
				1BEB15731951311800AED641 /* UIKit.framework in Frameworks */,
				1BEB156F1951311800AED641 /* Foundation.framework in Frameworks */,
			);
			runOnlyForDeploymentPostprocessing = 0;
		};
		1BEB15891951311800AED641 /* Frameworks */ = {
			isa = PBXFrameworksBuildPhase;
			buildActionMask = 2147483647;
			files = (
				1BEB158E1951311800AED641 /* XCTest.framework in Frameworks */,
				1BEB15901951311800AED641 /* UIKit.framework in Frameworks */,
				1BEB158F1951311800AED641 /* Foundation.framework in Frameworks */,
			);
			runOnlyForDeploymentPostprocessing = 0;
		};
/* End PBXFrameworksBuildPhase section */

/* Begin PBXGroup section */
		1BEB15621951311800AED641 = {
			isa = PBXGroup;
			children = (
				1BEB15741951311800AED641 /* Git Test */,
				1BEB15931951311800AED641 /* Git TestTests */,
				1BEB156D1951311800AED641 /* Frameworks */,
				1BEB156C1951311800AED641 /* Products */,
			);
			sourceTree = "<group>";
		};
		1BEB156C1951311800AED641 /* Products */ = {
			isa = PBXGroup;
			children = (
				1BEB156B1951311800AED641 /* Git Test.app */,
				1BEB158C1951311800AED641 /* Git TestTests.xctest */,
			);
			name = Products;
			sourceTree = "<group>";
		};
		1BEB156D1951311800AED641 /* Frameworks */ = {
			isa = PBXGroup;
			children = (
				1BEB156E1951311800AED641 /* Foundation.framework */,
				1BEB15701951311800AED641 /* CoreGraphics.framework */,
				1BEB15721951311800AED641 /* UIKit.framework */,
				1BEB158D1951311800AED641 /* XCTest.framework */,
			);
			name = Frameworks;
			sourceTree = "<group>";
		};
		1BEB15741951311800AED641 /* Git Test */ = {
			isa = PBXGroup;
			children = (
				1BEB157D1951311800AED641 /* SAMAppDelegate.h */,
				1BEB157E1951311800AED641 /* SAMAppDelegate.m */,
				1BEB15801951311800AED641 /* Main.storyboard */,
				1BEB15831951311800AED641 /* SAMViewController.h */,
				1BEB15841951311800AED641 /* SAMViewController.m */,
				1BEB15861951311800AED641 /* Images.xcassets */,
				1BEB15751951311800AED641 /* Supporting Files */,
			);
			path = "Git Test";
			sourceTree = "<group>";
		};
		1BEB15751951311800AED641 /* Supporting Files */ = {
			isa = PBXGroup;
			children = (
				1BEB15761951311800AED641 /* Git Test-Info.plist */,
				1BEB15771951311800AED641 /* InfoPlist.strings */,
				1BEB157A1951311800AED641 /* main.m */,
				1BEB157C1951311800AED641 /* Git Test-Prefix.pch */,
			);
			name = "Supporting Files";
			sourceTree = "<group>";
		};
		1BEB15931951311800AED641 /* Git TestTests */ = {
			isa = PBXGroup;
			children = (
				1BEB15991951311800AED641 /* Git_TestTests.m */,
				1BEB15941951311800AED641 /* Supporting Files */,
			);
			path = "Git TestTests";
			sourceTree = "<group>";
		};
		1BEB15941951311800AED641 /* Supporting Files */ = {
			isa = PBXGroup;
			children = (
				1BEB15951951311800AED641 /* Git TestTests-Info.plist */,
				1BEB15961951311800AED641 /* InfoPlist.strings */,
			);
			name = "Supporting Files";
			sourceTree = "<group>";
		};
/* End PBXGroup section */

/* Begin PBXNativeTarget section */
		1BEB156A1951311800AED641 /* Git Test */ = {
			isa = PBXNativeTarget;
			buildConfigurationList = 1BEB159D1951311800AED641 /* Build configuration list for PBXNativeTarget "Git Test" */;
			buildPhases = (
				1BEB15671951311800AED641 /* Sources */,
				1BEB15681951311800AED641 /* Frameworks */,
				1BEB15691951311800AED641 /* Resources */,
			);
			buildRules = (
			);
			dependencies = (
			);
			name = "Git Test";
			productName = "Git Test";
			productReference = 1BEB156B1951311800AED641 /* Git Test.app */;
			productType = "com.apple.product-type.application";
		};
		1BEB158B1951311800AED641 /* Git TestTests */ = {
			isa = PBXNativeTarget;
			buildConfigurationList = 1BEB15A01951311800AED641 /* Build configuration list for PBXNativeTarget "Git TestTests" */;
			buildPhases = (
				1BEB15881951311800AED641 /* Sources */,
				1BEB15891951311800AED641 /* Frameworks */,
				1BEB158A1951311800AED641 /* Resources */,
			);
			buildRules = (
			);
			dependencies = (
				1BEB15921951311800AED641 /* PBXTargetDependency */,
			);
			name = "Git TestTests";
			productName = "Git TestTests";
			productReference = 1BEB158C1951311800AED641 /* Git TestTests.xctest */;
			productType = "com.apple.product-type.bundle.unit-test";
		};
/* End PBXNativeTarget section */

/* Begin PBXProject section */
		1BEB15631951311800AED641 /* Project object */ = {
			isa = PBXProject;
			attributes = {
				CLASSPREFIX = SAM;
				LastUpgradeCheck = 0500;
				ORGANIZATIONNAME = "Shafiq Marediya";
				TargetAttributes = {
					1BEB158B1951311800AED641 = {
						TestTargetID = 1BEB156A1951311800AED641;
					};
				};
			};
			buildConfigurationList = 1BEB15661951311800AED641 /* Build configuration list for PBXProject "Git Test" */;
			compatibilityVersion = "Xcode 3.2";
			developmentRegion = English;
			hasScannedForEncodings = 0;
			knownRegions = (
				en,
				Base,
			);
			mainGroup = 1BEB15621951311800AED641;
			productRefGroup = 1BEB156C1951311800AED641 /* Products */;
			projectDirPath = "";
			projectRoot = "";
			targets = (
				1BEB156A1951311800AED641 /* Git Test */,
				1BEB158B1951311800AED641 /* Git TestTests */,
			);
		};
/* End PBXProject section */

/* Begin PBXResourcesBuildPhase section */
		1BEB15691951311800AED641 /* Resources */ = {
			isa = PBXResourcesBuildPhase;
			buildActionMask = 2147483647;
			files = (
				1BEB15871951311800AED641 /* Images.xcassets in Resources */,
				1BEB15791951311800AED641 /* InfoPlist.strings in Resources */,
				1BEB15821951311800AED641 /* Main.storyboard in Resources */,
			);
			runOnlyForDeploymentPostprocessing = 0;
		};
		1BEB158A1951311800AED641 /* Resources */ = {
			isa = PBXResourcesBuildPhase;
			buildActionMask = 2147483647;
			files = (
				1BEB15981951311800AED641 /* InfoPlist.strings in Resources */,
			);
			runOnlyForDeploymentPostprocessing = 0;
		};
/* End PBXResourcesBuildPhase section */

/* Begin PBXSourcesBuildPhase section */
		1BEB15671951311800AED641 /* Sources */ = {
			isa = PBXSourcesBuildPhase;
			buildActionMask = 2147483647;
			files = (
				1BEB157F1951311800AED641 /* SAMAppDelegate.m in Sources */,
				1BEB15851951311800AED641 /* SAMViewController.m in Sources */,
				1BEB157B1951311800AED641 /* main.m in Sources */,
			);
			runOnlyForDeploymentPostprocessing = 0;
		};
		1BEB15881951311800AED641 /* Sources */ = {
			isa = PBXSourcesBuildPhase;
			buildActionMask = 2147483647;
			files = (
				1BEB159A1951311800AED641 /* Git_TestTests.m in Sources */,
			);
			runOnlyForDeploymentPostprocessing = 0;
		};
/* End PBXSourcesBuildPhase section */

/* Begin PBXTargetDependency section */
		1BEB15921951311800AED641 /* PBXTargetDependency */ = {
			isa = PBXTargetDependency;
			target = 1BEB156A1951311800AED641 /* Git Test */;
			targetProxy = 1BEB15911951311800AED641 /* PBXContainerItemProxy */;
		};
/* End PBXTargetDependency section */

/* Begin PBXVariantGroup section */
		1BEB15771951311800AED641 /* InfoPlist.strings */ = {
			isa = PBXVariantGroup;
			children = (
				1BEB15781951311800AED641 /* en */,
			);
			name = InfoPlist.strings;
			sourceTree = "<group>";
		};
		1BEB15801951311800AED641 /* Main.storyboard */ = {
			isa = PBXVariantGroup;
			children = (
				1BEB15811951311800AED641 /* Base */,
			);
			name = Main.storyboard;
			sourceTree = "<group>";
		};
		1BEB15961951311800AED641 /* InfoPlist.strings */ = {
			isa = PBXVariantGroup;
			children = (
				1BEB15971951311800AED641 /* en */,
			);
			name = InfoPlist.strings;
			sourceTree = "<group>";
		};
/* End PBXVariantGroup section */

/* Begin XCBuildConfiguration section */
		1BEB159B1951311800AED641 /* Debug */ = {
			isa = XCBuildConfiguration;
			buildSettings = {
				ALWAYS_SEARCH_USER_PATHS = NO;
				ARCHS = "$(ARCHS_STANDARD_INCLUDING_64_BIT)";
				CLANG_CXX_LANGUAGE_STANDARD = "gnu++0x";
				CLANG_CXX_LIBRARY = "libc++";
				CLANG_ENABLE_MODULES = YES;
				CLANG_ENABLE_OBJC_ARC = YES;
				CLANG_WARN_BOOL_CONVERSION = YES;
				CLANG_WARN_CONSTANT_CONVERSION = YES;
				CLANG_WARN_DIRECT_OBJC_ISA_USAGE = YES_ERROR;
				CLANG_WARN_EMPTY_BODY = YES;
				CLANG_WARN_ENUM_CONVERSION = YES;
				CLANG_WARN_INT_CONVERSION = YES;
				CLANG_WARN_OBJC_ROOT_CLASS = YES_ERROR;
				CLANG_WARN__DUPLICATE_METHOD_MATCH = YES;
				"CODE_SIGN_IDENTITY[sdk=iphoneos*]" = "iPhone Developer";
				COPY_PHASE_STRIP = NO;
				GCC_C_LANGUAGE_STANDARD = gnu99;
				GCC_DYNAMIC_NO_PIC = NO;
				GCC_OPTIMIZATION_LEVEL = 0;
				GCC_PREPROCESSOR_DEFINITIONS = (
					"DEBUG=1",
					"$(inherited)",
				);
				GCC_SYMBOLS_PRIVATE_EXTERN = NO;
				GCC_WARN_64_TO_32_BIT_CONVERSION = YES;
				GCC_WARN_ABOUT_RETURN_TYPE = YES_ERROR;
				GCC_WARN_UNDECLARED_SELECTOR = YES;
				GCC_WARN_UNINITIALIZED_AUTOS = YES;
				GCC_WARN_UNUSED_FUNCTION = YES;
				GCC_WARN_UNUSED_VARIABLE = YES;
				IPHONEOS_DEPLOYMENT_TARGET = 7.0;
				ONLY_ACTIVE_ARCH = YES;
				SDKROOT = iphoneos;
			};
			name = Debug;
		};
		1BEB159C1951311800AED641 /* Release */ = {
			isa = XCBuildConfiguration;
			buildSettings = {
				ALWAYS_SEARCH_USER_PATHS = NO;
				ARCHS = "$(ARCHS_STANDARD_INCLUDING_64_BIT)";
				CLANG_CXX_LANGUAGE_STANDARD = "gnu++0x";
				CLANG_CXX_LIBRARY = "libc++";
				CLANG_ENABLE_MODULES = YES;
				CLANG_ENABLE_OBJC_ARC = YES;
				CLANG_WARN_BOOL_CONVERSION = YES;
				CLANG_WARN_CONSTANT_CONVERSION = YES;
				CLANG_WARN_DIRECT_OBJC_ISA_USAGE = YES_ERROR;
				CLANG_WARN_EMPTY_BODY = YES;
				CLANG_WARN_ENUM_CONVERSION = YES;
				CLANG_WARN_INT_CONVERSION = YES;
				CLANG_WARN_OBJC_ROOT_CLASS = YES_ERROR;
				CLANG_WARN__DUPLICATE_METHOD_MATCH = YES;
				"CODE_SIGN_IDENTITY[sdk=iphoneos*]" = "iPhone Developer";
				COPY_PHASE_STRIP = YES;
				ENABLE_NS_ASSERTIONS = NO;
				GCC_C_LANGUAGE_STANDARD = gnu99;
				GCC_WARN_64_TO_32_BIT_CONVERSION = YES;
				GCC_WARN_ABOUT_RETURN_TYPE = YES_ERROR;
				GCC_WARN_UNDECLARED_SELECTOR = YES;
				GCC_WARN_UNINITIALIZED_AUTOS = YES;
				GCC_WARN_UNUSED_FUNCTION = YES;
				GCC_WARN_UNUSED_VARIABLE = YES;
				IPHONEOS_DEPLOYMENT_TARGET = 7.0;
				SDKROOT = iphoneos;
				VALIDATE_PRODUCT = YES;
			};
			name = Release;
		};
		1BEB159E1951311800AED641 /* Debug */ = {
			isa = XCBuildConfiguration;
			buildSettings = {
				ASSETCATALOG_COMPILER_APPICON_NAME = AppIcon;
				ASSETCATALOG_COMPILER_LAUNCHIMAGE_NAME = LaunchImage;
				GCC_PRECOMPILE_PREFIX_HEADER = YES;
				GCC_PREFIX_HEADER = "Git Test/Git Test-Prefix.pch";
				INFOPLIST_FILE = "Git Test/Git Test-Info.plist";
				PRODUCT_NAME = "$(TARGET_NAME)";
				WRAPPER_EXTENSION = app;
			};
			name = Debug;
		};
		1BEB159F1951311800AED641 /* Release */ = {
			isa = XCBuildConfiguration;
			buildSettings = {
				ASSETCATALOG_COMPILER_APPICON_NAME = AppIcon;
				ASSETCATALOG_COMPILER_LAUNCHIMAGE_NAME = LaunchImage;
				GCC_PRECOMPILE_PREFIX_HEADER = YES;
				GCC_PREFIX_HEADER = "Git Test/Git Test-Prefix.pch";
				INFOPLIST_FILE = "Git Test/Git Test-Info.plist";
				PRODUCT_NAME = "$(TARGET_NAME)";
				WRAPPER_EXTENSION = app;
			};
			name = Release;
		};
		1BEB15A11951311800AED641 /* Debug */ = {
			isa = XCBuildConfiguration;
			buildSettings = {
				ARCHS = "$(ARCHS_STANDARD_INCLUDING_64_BIT)";
				BUNDLE_LOADER = "$(BUILT_PRODUCTS_DIR)/Git Test.app/Git Test";
				FRAMEWORK_SEARCH_PATHS = (
					"$(SDKROOT)/Developer/Library/Frameworks",
					"$(inherited)",
					"$(DEVELOPER_FRAMEWORKS_DIR)",
				);
				GCC_PRECOMPILE_PREFIX_HEADER = YES;
				GCC_PREFIX_HEADER = "Git Test/Git Test-Prefix.pch";
				GCC_PREPROCESSOR_DEFINITIONS = (
					"DEBUG=1",
					"$(inherited)",
				);
				INFOPLIST_FILE = "Git TestTests/Git TestTests-Info.plist";
				PRODUCT_NAME = "$(TARGET_NAME)";
				TEST_HOST = "$(BUNDLE_LOADER)";
				WRAPPER_EXTENSION = xctest;
			};
			name = Debug;
		};
		1BEB15A21951311800AED641 /* Release */ = {
			isa = XCBuildConfiguration;
			buildSettings = {
				ARCHS = "$(ARCHS_STANDARD_INCLUDING_64_BIT)";
				BUNDLE_LOADER = "$(BUILT_PRODUCTS_DIR)/Git Test.app/Git Test";
				FRAMEWORK_SEARCH_PATHS = (
					"$(SDKROOT)/Developer/Library/Frameworks",
					"$(inherited)",
					"$(DEVELOPER_FRAMEWORKS_DIR)",
				);
				GCC_PRECOMPILE_PREFIX_HEADER = YES;
				GCC_PREFIX_HEADER = "Git Test/Git Test-Prefix.pch";
				INFOPLIST_FILE = "Git TestTests/Git TestTests-Info.plist";
				PRODUCT_NAME = "$(TARGET_NAME)";
				TEST_HOST = "$(BUNDLE_LOADER)";
				WRAPPER_EXTENSION = xctest;
			};
			name = Release;
		};
/* End XCBuildConfiguration section */

/* Begin XCConfigurationList section */
		1BEB15661951311800AED641 /* Build configuration list for PBXProject "Git Test" */ = {
			isa = XCConfigurationList;
			buildConfigurations = (
				1BEB159B1951311800AED641 /* Debug */,
				1BEB159C1951311800AED641 /* Release */,
			);
			defaultConfigurationIsVisible = 0;
			defaultConfigurationName = Release;
		};
		1BEB159D1951311800AED641 /* Build configuration list for PBXNativeTarget "Git Test" */ = {
			isa = XCConfigurationList;
			buildConfigurations = (
				1BEB159E1951311800AED641 /* Debug */,
				1BEB159F1951311800AED641 /* Release */,
			);
			defaultConfigurationIsVisible = 0;
		};
		1BEB15A01951311800AED641 /* Build configuration list for PBXNativeTarget "Git TestTests" */ = {
			isa = XCConfigurationList;
			buildConfigurations = (
				1BEB15A11951311800AED641 /* Debug */,
				1BEB15A21951311800AED641 /* Release */,
			);
			defaultConfigurationIsVisible = 0;
		};
/* End XCConfigurationList section */
	};
	rootObject = 1BEB15631951311800AED641 /* Project object */;
}
